
Microsoft Visual Studio Solution File, Format Version 12.00
# Visual Studio Version 17
VisualStudioVersion = 17.14.36811.4 d17.14
MinimumVisualStudioVersion = 10.0.40219.1
Project("{FAE04EC0-301F-11D3-BF4B-00C04F79EFBC}") = "JaroClient", "JaroClient\JaroClient.csproj", "{A09D9531-6DD5-4B64-ACA0-0019B7EE4B61}"
EndProject
Global
	GlobalSection(SolutionConfigurationPlatforms) = preSolution
		Debug|Any CPU = Debug|Any CPU
		Release|Any CPU = Release|Any CPU
	EndGlobalSection
	GlobalSection(ProjectConfigurationPlatforms) = postSolution
		{A09D9531-6DD5-4B64-ACA0-0019B7EE4B61}.Debug|Any CPU.ActiveCfg = Debug|Any CPU
		{A09D9531-6DD5-4B64-ACA0-0019B7EE4B61}.Debug|Any CPU.Build.0 = Debug|Any CPU
		{A09D9531-6DD5-4B64-ACA0-0019B7EE4B61}.Release|Any CPU.ActiveCfg = Release|Any CPU
		{A09D9531-6DD5-4B64-ACA0-0019B7EE4B61}.Release|Any CPU.Build.0 = Release|Any CPU
	EndGlobalSection
	GlobalSection(SolutionProperties) = preSolution
		HideSolutionNode = FALSE
	EndGlobalSection
	GlobalSection(ExtensibilityGlobals) = postSolution
		SolutionGuid = {0FBAADC6-CAB8-4947-B14E-465BF0330854}
	EndGlobalSection
EndGlobal
